
Microsoft Visual Studio Solution File, Format Version 12.00
# Visual Studio Version 16
VisualStudioVersion = 16.0.29009.5
MinimumVisualStudioVersion = 10.0.40219.1
Project("{FAE04EC0-301F-11D3-BF4B-00C04F79EFBC}") = "Tarea-preocupado", "Tarea-preocupado\Tarea-preocupado.csproj", "{FC376D02-0DBF-422A-881E-10DA534D5937}"
EndProject
Global
	GlobalSection(SolutionConfigurationPlatforms) = preSolution
		Debug|Any CPU = Debug|Any CPU
		Release|Any CPU = Release|Any CPU
	EndGlobalSection
	GlobalSection(ProjectConfigurationPlatforms) = postSolution
		{FC376D02-0DBF-422A-881E-10DA534D5937}.Debug|Any CPU.ActiveCfg = Debug|Any CPU
		{FC376D02-0DBF-422A-881E-10DA534D5937}.Debug|Any CPU.Build.0 = Debug|Any CPU
		{FC376D02-0DBF-422A-881E-10DA534D5937}.Release|Any CPU.ActiveCfg = Release|Any CPU
		{FC376D02-0DBF-422A-881E-10DA534D5937}.Release|Any CPU.Build.0 = Release|Any CPU
	EndGlobalSection
	GlobalSection(SolutionProperties) = preSolution
		HideSolutionNode = FALSE
	EndGlobalSection
	GlobalSection(ExtensibilityGlobals) = postSolution
		SolutionGuid = {0D1555D3-F96A-4BA2-B202-EFAC59A00254}
	EndGlobalSection
EndGlobal
